
Microsoft Visual Studio Solution File, Format Version 12.00
# Visual Studio Version 17
VisualStudioVersion = 17.8.34004.107
MinimumVisualStudioVersion = 10.0.40219.1
Project("{2150E333-8FDC-42A3-9474-1A3956D46DE8}") = "Solution Items", "Solution Items", "{BD5F5D78-B451-4814-A165-AF1953CCD542}"
EndProject
Project("{2150E333-8FDC-42A3-9474-1A3956D46DE8}") = "Source", "Source", "{BABFDEFD-4D5A-42BC-A77B-0E0FE1F314CA}"
EndProject
Project("{9A19103F-16F7-4668-BE54-9A1E7A4F7556}") = "PlasterSkull.Blazor", "src\PlasterSkull.Blazor\PlasterSkull.Blazor.csproj", "{5CD9CB56-A159-467E-B1CD-A2418E5671B9}"
EndProject
Global
	GlobalSection(SolutionConfigurationPlatforms) = preSolution
		Debug|Any CPU = Debug|Any CPU
		Release|Any CPU = Release|Any CPU
	EndGlobalSection
	GlobalSection(ProjectConfigurationPlatforms) = postSolution
		{5CD9CB56-A159-467E-B1CD-A2418E5671B9}.Debug|Any CPU.ActiveCfg = Debug|Any CPU
		{5CD9CB56-A159-467E-B1CD-A2418E5671B9}.Debug|Any CPU.Build.0 = Debug|Any CPU
		{5CD9CB56-A159-467E-B1CD-A2418E5671B9}.Release|Any CPU.ActiveCfg = Release|Any CPU
		{5CD9CB56-A159-467E-B1CD-A2418E5671B9}.Release|Any CPU.Build.0 = Release|Any CPU
	EndGlobalSection
	GlobalSection(SolutionProperties) = preSolution
		HideSolutionNode = FALSE
	EndGlobalSection
	GlobalSection(NestedProjects) = preSolution
		{5CD9CB56-A159-467E-B1CD-A2418E5671B9} = {BABFDEFD-4D5A-42BC-A77B-0E0FE1F314CA}
	EndGlobalSection
	GlobalSection(ExtensibilityGlobals) = postSolution
		SolutionGuid = {3F8BB9B3-6CA3-4878-B416-F5F1DCFFD782}
	EndGlobalSection
EndGlobal
